
Microsoft Visual Studio Solution File, Format Version 12.00
Project("{FAE04EC0-301F-11D3-BF4B-00C04F79EFBC}") = "WebSecurity", "WebSecurity\WebSecurity.csproj", "{5B805491-D8ED-464C-8C69-94977A986911}"
EndProject
Project("{FAE04EC0-301F-11D3-BF4B-00C04F79EFBC}") = "WebApi", "WebApi\WebApi.csproj", "{98F2E48A-55FA-4E91-B582-D75014964DB6}"
EndProject
Project("{FAE04EC0-301F-11D3-BF4B-00C04F79EFBC}") = "WebAppIdentity", "WebAppIdentity\WebAppIdentity.csproj", "{0CBEA47E-0DDC-449E-BF5F-A99CF88EE67B}"
EndProject
Global
	GlobalSection(SolutionConfigurationPlatforms) = preSolution
		Debug|Any CPU = Debug|Any CPU
		Release|Any CPU = Release|Any CPU
	EndGlobalSection
	GlobalSection(ProjectConfigurationPlatforms) = postSolution
		{5B805491-D8ED-464C-8C69-94977A986911}.Debug|Any CPU.ActiveCfg = Debug|Any CPU
		{5B805491-D8ED-464C-8C69-94977A986911}.Debug|Any CPU.Build.0 = Debug|Any CPU
		{5B805491-D8ED-464C-8C69-94977A986911}.Release|Any CPU.ActiveCfg = Release|Any CPU
		{5B805491-D8ED-464C-8C69-94977A986911}.Release|Any CPU.Build.0 = Release|Any CPU
		{98F2E48A-55FA-4E91-B582-D75014964DB6}.Debug|Any CPU.ActiveCfg = Debug|Any CPU
		{98F2E48A-55FA-4E91-B582-D75014964DB6}.Debug|Any CPU.Build.0 = Debug|Any CPU
		{98F2E48A-55FA-4E91-B582-D75014964DB6}.Release|Any CPU.ActiveCfg = Release|Any CPU
		{98F2E48A-55FA-4E91-B582-D75014964DB6}.Release|Any CPU.Build.0 = Release|Any CPU
		{0CBEA47E-0DDC-449E-BF5F-A99CF88EE67B}.Debug|Any CPU.ActiveCfg = Debug|Any CPU
		{0CBEA47E-0DDC-449E-BF5F-A99CF88EE67B}.Debug|Any CPU.Build.0 = Debug|Any CPU
		{0CBEA47E-0DDC-449E-BF5F-A99CF88EE67B}.Release|Any CPU.ActiveCfg = Release|Any CPU
		{0CBEA47E-0DDC-449E-BF5F-A99CF88EE67B}.Release|Any CPU.Build.0 = Release|Any CPU
	EndGlobalSection
EndGlobal
